PODS:
  - Flutter (3.0.0)
  - flutter_nfc_reader (0.0.1):
    - Flutter
    - VYNFCKit
  - VYNFCKit (0.3.1)

DEPENDENCIES:
  - flutter_nfc_reader (from `.symlinks/plugins/flutter_nfc_reader/ios`)

SPEC REPOS:
  trunk:
    - Flutter
    - VYNFCKit

EXTERNAL SOURCES:
  flutter_nfc_reader:
    :path: ".symlinks/plugins/flutter_nfc_reader/ios"

SPEC CHECKSUMS:
  Flutter: aef388869c2d2beecc8df50c818fa66e9c6eb1fb
  flutter_nfc_reader: 67d71071d779d28b827ea50dcbe00d09286f253d
  VYNFCKit: 0bedda99e74ddaf9fcd6af2db20c3a5962657b77

PODFILE CHECKSUM: c7b263a62af8015d3cd505580439ac5de52e15fd

COCOAPODS: 1.12.0
